
Microsoft Visual Studio Solution File, Format Version 12.00
# Visual Studio Version 17
VisualStudioVersion = 17.11.35219.272
MinimumVisualStudioVersion = 10.0.40219.1
Project("{FAE04EC0-301F-11D3-BF4B-00C04F79EFBC}") = "parcialN2", "parcialN2\parcialN2.csproj", "{45ECAF36-EFA2-4834-AACF-9E0B45DFE4CF}"
EndProject
Global
	GlobalSection(SolutionConfigurationPlatforms) = preSolution
		Debug|Any CPU = Debug|Any CPU
		Release|Any CPU = Release|Any CPU
	EndGlobalSection
	GlobalSection(ProjectConfigurationPlatforms) = postSolution
		{45ECAF36-EFA2-4834-AACF-9E0B45DFE4CF}.Debug|Any CPU.ActiveCfg = Debug|Any CPU
		{45ECAF36-EFA2-4834-AACF-9E0B45DFE4CF}.Debug|Any CPU.Build.0 = Debug|Any CPU
		{45ECAF36-EFA2-4834-AACF-9E0B45DFE4CF}.Release|Any CPU.ActiveCfg = Release|Any CPU
		{45ECAF36-EFA2-4834-AACF-9E0B45DFE4CF}.Release|Any CPU.Build.0 = Release|Any CPU
	EndGlobalSection
	GlobalSection(SolutionProperties) = preSolution
		HideSolutionNode = FALSE
	EndGlobalSection
	GlobalSection(ExtensibilityGlobals) = postSolution
		SolutionGuid = {00EE7BFD-BAA7-4B9F-8BF9-E3C67D551B9F}
	EndGlobalSection
EndGlobal
